
Microsoft Visual Studio Solution File, Format Version 12.00
# Visual Studio 14
VisualStudioVersion = 14.0.25420.1
MinimumVisualStudioVersion = 10.0.40219.1
Project("{FAE04EC0-301F-11D3-BF4B-00C04F79EFBC}") = "WebApi - FABIAN", "WebApi - FABIAN\WebApi - FABIAN.csproj", "{FF38B788-5D0D-4CD3-AB35-6D1A3C69B32B}"
EndProject
Global
	GlobalSection(SolutionConfigurationPlatforms) = preSolution
		Debug|Any CPU = Debug|Any CPU
		Release|Any CPU = Release|Any CPU
	EndGlobalSection
	GlobalSection(ProjectConfigurationPlatforms) = postSolution
		{FF38B788-5D0D-4CD3-AB35-6D1A3C69B32B}.Debug|Any CPU.ActiveCfg = Debug|Any CPU
		{FF38B788-5D0D-4CD3-AB35-6D1A3C69B32B}.Debug|Any CPU.Build.0 = Debug|Any CPU
		{FF38B788-5D0D-4CD3-AB35-6D1A3C69B32B}.Release|Any CPU.ActiveCfg = Release|Any CPU
		{FF38B788-5D0D-4CD3-AB35-6D1A3C69B32B}.Release|Any CPU.Build.0 = Release|Any CPU
	EndGlobalSection
	GlobalSection(SolutionProperties) = preSolution
		HideSolutionNode = FALSE
	EndGlobalSection
EndGlobal
